// !$*UTF8*$!
{
	archiveVersion = 1;
	classes = {
	};
	objectVersion = 56;
	objects = {

/* Begin PBXBuildFile section */
		0855506E297EC75B00FFE062 /* AppDelegate.swift in Sources */ = {isa = PBXBuildFile; fileRef = 0855506D297EC75B00FFE062 /* AppDelegate.swift */; };
		08555070297EC75B00FFE062 /* SceneDelegate.swift in Sources */ = {isa = PBXBuildFile; fileRef = 0855506F297EC75B00FFE062 /* SceneDelegate.swift */; };
		08555072297EC75B00FFE062 /* ViewController.swift in Sources */ = {isa = PBXBuildFile; fileRef = 08555071297EC75B00FFE062 /* ViewController.swift */; };
		08555075297EC75B00FFE062 /* Main.storyboard in Resources */ = {isa = PBXBuildFile; fileRef = 08555073297EC75B00FFE062 /* Main.storyboard */; };
		08555077297EC75F00FFE062 /* Assets.xcassets in Resources */ = {isa = PBXBuildFile; fileRef = 08555076297EC75F00FFE062 /* Assets.xcassets */; };
		0855507A297EC75F00FFE062 /* LaunchScreen.storyboard in Resources */ = {isa = PBXBuildFile; fileRef = 08555078297EC75F00FFE062 /* LaunchScreen.storyboard */; };
		08555085297EC75F00FFE062 /* randomImageTestTests.swift in Sources */ = {isa = PBXBuildFile; fileRef = 08555084297EC75F00FFE062 /* randomImageTestTests.swift */; };
		0855508F297EC75F00FFE062 /* randomImageTestUITests.swift in Sources */ = {isa = PBXBuildFile; fileRef = 0855508E297EC75F00FFE062 /* randomImageTestUITests.swift */; };
		08555091297EC75F00FFE062 /* randomImageTestUITestsLaunchTests.swift in Sources */ = {isa = PBXBuildFile; fileRef = 08555090297EC75F00FFE062 /* randomImageTestUITestsLaunchTests.swift */; };
/* End PBXBuildFile section */

/* Begin PBXContainerItemProxy section */
		08555081297EC75F00FFE062 /* PBXContainerItemProxy */ = {
			isa = PBXContainerItemProxy;
			containerPortal = 08555062297EC75B00FFE062 /* Project object */;
			proxyType = 1;
			remoteGlobalIDString = 08555069297EC75B00FFE062;
			remoteInfo = randomImageTest;
		};
		0855508B297EC75F00FFE062 /* PBXContainerItemProxy */ = {
			isa = PBXContainerItemProxy;
			containerPortal = 08555062297EC75B00FFE062 /* Project object */;
			proxyType = 1;
			remoteGlobalIDString = 08555069297EC75B00FFE062;
			remoteInfo = randomImageTest;
		};
/* End PBXContainerItemProxy section */

/* Begin PBXFileReference section */
		0855506A297EC75B00FFE062 /* randomImageTest.app */ = {isa = PBXFileReference; explicitFileType = wrapper.application; includeInIndex = 0; path = randomImageTest.app; sourceTree = BUILT_PRODUCTS_DIR; };
		0855506D297EC75B00FFE062 /* AppDelegate.swift */ = {isa = PBXFileReference; lastKnownFileType = sourcecode.swift; path = AppDelegate.swift; sourceTree = "<group>"; };
		0855506F297EC75B00FFE062 /* SceneDelegate.swift */ = {isa = PBXFileReference; lastKnownFileType = sourcecode.swift; path = SceneDelegate.swift; sourceTree = "<group>"; };
		08555071297EC75B00FFE062 /* ViewController.swift */ = {isa = PBXFileReference; lastKnownFileType = sourcecode.swift; path = ViewController.swift; sourceTree = "<group>"; };
		08555074297EC75B00FFE062 /* Base */ = {isa = PBXFileReference; lastKnownFileType = file.storyboard; name = Base; path = Base.lproj/Main.storyboard; sourceTree = "<group>"; };
		08555076297EC75F00FFE062 /* Assets.xcassets */ = {isa = PBXFileReference; lastKnownFileType = folder.assetcatalog; path = Assets.xcassets; sourceTree = "<group>"; };
		08555079297EC75F00FFE062 /* Base */ = {isa = PBXFileReference; lastKnownFileType = file.storyboard; name = Base; path = Base.lproj/LaunchScreen.storyboard; sourceTree = "<group>"; };
		0855507B297EC75F00FFE062 /* Info.plist */ = {isa = PBXFileReference; lastKnownFileType = text.plist.xml; path = Info.plist; sourceTree = "<group>"; };
		08555080297EC75F00FFE062 /* randomImageTestTests.xctest */ = {isa = PBXFileReference; explicitFileType = wrapper.cfbundle; includeInIndex = 0; path = randomImageTestTests.xctest; sourceTree = BUILT_PRODUCTS_DIR; };
		08555084297EC75F00FFE062 /* randomImageTestTests.swift */ = {isa = PBXFileReference; lastKnownFileType = sourcecode.swift; path = randomImageTestTests.swift; sourceTree = "<group>"; };
		0855508A297EC75F00FFE062 /* randomImageTestUITests.xctest */ = {isa = PBXFileReference; explicitFileType = wrapper.cfbundle; includeInIndex = 0; path = randomImageTestUITests.xctest; sourceTree = BUILT_PRODUCTS_DIR; };
		0855508E297EC75F00FFE062 /* randomImageTestUITests.swift */ = {isa = PBXFileReference; lastKnownFileType = sourcecode.swift; path = randomImageTestUITests.swift; sourceTree = "<group>"; };
		08555090297EC75F00FFE062 /* randomImageTestUITestsLaunchTests.swift */ = {isa = PBXFileReference; lastKnownFileType = sourcecode.swift; path = randomImageTestUITestsLaunchTests.swift; sourceTree = "<group>"; };
/* End PBXFileReference section */

/* Begin PBXFrameworksBuildPhase section */
		08555067297EC75B00FFE062 /* Frameworks */ = {
			isa = PBXFrameworksBuildPhase;
			buildActionMask = 2147483647;
			files = (
			);
			runOnlyForDeploymentPostprocessing = 0;
		};
		0855507D297EC75F00FFE062 /* Frameworks */ = {
			isa = PBXFrameworksBuildPhase;
			buildActionMask = 2147483647;
			files = (
			);
			runOnlyForDeploymentPostprocessing = 0;
		};
		08555087297EC75F00FFE062 /* Frameworks */ = {
			isa = PBXFrameworksBuildPhase;
			buildActionMask = 2147483647;
			files = (
			);
			runOnlyForDeploymentPostprocessing = 0;
		};
/* End PBXFrameworksBuildPhase section */

/* Begin PBXGroup section */
		08555061297EC75B00FFE062 = {
			isa = PBXGroup;
			children = (
				0855506C297EC75B00FFE062 /* randomImageTest */,
				08555083297EC75F00FFE062 /* randomImageTestTests */,
				0855508D297EC75F00FFE062 /* randomImageTestUITests */,
				0855506B297EC75B00FFE062 /* Products */,
			);
			sourceTree = "<group>";
		};
		0855506B297EC75B00FFE062 /* Products */ = {
			isa = PBXGroup;
			children = (
				0855506A297EC75B00FFE062 /* randomImageTest.app */,
				08555080297EC75F00FFE062 /* randomImageTestTests.xctest */,
				0855508A297EC75F00FFE062 /* randomImageTestUITests.xctest */,
			);
			name = Products;
			sourceTree = "<group>";
		};
		0855506C297EC75B00FFE062 /* randomImageTest */ = {
			isa = PBXGroup;
			children = (
				0855506D297EC75B00FFE062 /* AppDelegate.swift */,
				0855506F297EC75B00FFE062 /* SceneDelegate.swift */,
				08555071297EC75B00FFE062 /* ViewController.swift */,
				08555073297EC75B00FFE062 /* Main.storyboard */,
				08555076297EC75F00FFE062 /* Assets.xcassets */,
				08555078297EC75F00FFE062 /* LaunchScreen.storyboard */,
				0855507B297EC75F00FFE062 /* Info.plist */,
			);
			path = randomImageTest;
			sourceTree = "<group>";
		};
		08555083297EC75F00FFE062 /* randomImageTestTests */ = {
			isa = PBXGroup;
			children = (
				08555084297EC75F00FFE062 /* randomImageTestTests.swift */,
			);
			path = randomImageTestTests;
			sourceTree = "<group>";
		};
		0855508D297EC75F00FFE062 /* randomImageTestUITests */ = {
			isa = PBXGroup;
			children = (
				0855508E297EC75F00FFE062 /* randomImageTestUITests.swift */,
				08555090297EC75F00FFE062 /* randomImageTestUITestsLaunchTests.swift */,
			);
			path = randomImageTestUITests;
			sourceTree = "<group>";
		};
/* End PBXGroup section */

/* Begin PBXNativeTarget section */
		08555069297EC75B00FFE062 /* randomImageTest */ = {
			isa = PBXNativeTarget;
			buildConfigurationList = 08555094297EC75F00FFE062 /* Build configuration list for PBXNativeTarget "randomImageTest" */;
			buildPhases = (
				08555066297EC75B00FFE062 /* Sources */,
				08555067297EC75B00FFE062 /* Frameworks */,
				08555068297EC75B00FFE062 /* Resources */,
			);
			buildRules = (
			);
			dependencies = (
			);
			name = randomImageTest;
			productName = randomImageTest;
			productReference = 0855506A297EC75B00FFE062 /* randomImageTest.app */;
			productType = "com.apple.product-type.application";
		};
		0855507F297EC75F00FFE062 /* randomImageTestTests */ = {
			isa = PBXNativeTarget;
			buildConfigurationList = 08555097297EC75F00FFE062 /* Build configuration list for PBXNativeTarget "randomImageTestTests" */;
			buildPhases = (
				0855507C297EC75F00FFE062 /* Sources */,
				0855507D297EC75F00FFE062 /* Frameworks */,
				0855507E297EC75F00FFE062 /* Resources */,
			);
			buildRules = (
			);
			dependencies = (
				08555082297EC75F00FFE062 /* PBXTargetDependency */,
			);
			name = randomImageTestTests;
			productName = randomImageTestTests;
			productReference = 08555080297EC75F00FFE062 /* randomImageTestTests.xctest */;
			productType = "com.apple.product-type.bundle.unit-test";
		};
		08555089297EC75F00FFE062 /* randomImageTestUITests */ = {
			isa = PBXNativeTarget;
			buildConfigurationList = 0855509A297EC75F00FFE062 /* Build configuration list for PBXNativeTarget "randomImageTestUITests" */;
			buildPhases = (
				08555086297EC75F00FFE062 /* Sources */,
				08555087297EC75F00FFE062 /* Frameworks */,
				08555088297EC75F00FFE062 /* Resources */,
			);
			buildRules = (
			);
			dependencies = (
				0855508C297EC75F00FFE062 /* PBXTargetDependency */,
			);
			name = randomImageTestUITests;
			productName = randomImageTestUITests;
			productReference = 0855508A297EC75F00FFE062 /* randomImageTestUITests.xctest */;
			productType = "com.apple.product-type.bundle.ui-testing";
		};
/* End PBXNativeTarget section */

/* Begin PBXProject section */
		08555062297EC75B00FFE062 /* Project object */ = {
			isa = PBXProject;
			attributes = {
				BuildIndependentTargetsInParallel = 1;
				LastSwiftUpdateCheck = 1410;
				LastUpgradeCheck = 1410;
				TargetAttributes = {
					08555069297EC75B00FFE062 = {
						CreatedOnToolsVersion = 14.1;
					};
					0855507F297EC75F00FFE062 = {
						CreatedOnToolsVersion = 14.1;
						TestTargetID = 08555069297EC75B00FFE062;
					};
					08555089297EC75F00FFE062 = {
						CreatedOnToolsVersion = 14.1;
						TestTargetID = 08555069297EC75B00FFE062;
					};
				};
			};
			buildConfigurationList = 08555065297EC75B00FFE062 /* Build configuration list for PBXProject "randomImageTest" */;
			compatibilityVersion = "Xcode 14.0";
			developmentRegion = en;
			hasScannedForEncodings = 0;
			knownRegions = (
				en,
				Base,
			);
			mainGroup = 08555061297EC75B00FFE062;
			productRefGroup = 0855506B297EC75B00FFE062 /* Products */;
			projectDirPath = "";
			projectRoot = "";
			targets = (
				08555069297EC75B00FFE062 /* randomImageTest */,
				0855507F297EC75F00FFE062 /* randomImageTestTests */,
				08555089297EC75F00FFE062 /* randomImageTestUITests */,
			);
		};
/* End PBXProject section */

/* Begin PBXResourcesBuildPhase section */
		08555068297EC75B00FFE062 /* Resources */ = {
			isa = PBXResourcesBuildPhase;
			buildActionMask = 2147483647;
			files = (
				0855507A297EC75F00FFE062 /* LaunchScreen.storyboard in Resources */,
				08555077297EC75F00FFE062 /* Assets.xcassets in Resources */,
				08555075297EC75B00FFE062 /* Main.storyboard in Resources */,
			);
			runOnlyForDeploymentPostprocessing = 0;
		};
		0855507E297EC75F00FFE062 /* Resources */ = {
			isa = PBXResourcesBuildPhase;
			buildActionMask = 2147483647;
			files = (
			);
			runOnlyForDeploymentPostprocessing = 0;
		};
		08555088297EC75F00FFE062 /* Resources */ = {
			isa = PBXResourcesBuildPhase;
			buildActionMask = 2147483647;
			files = (
			);
			runOnlyForDeploymentPostprocessing = 0;
		};
/* End PBXResourcesBuildPhase section */

/* Begin PBXSourcesBuildPhase section */
		08555066297EC75B00FFE062 /* Sources */ = {
			isa = PBXSourcesBuildPhase;
			buildActionMask = 2147483647;
			files = (
				08555072297EC75B00FFE062 /* ViewController.swift in Sources */,
				0855506E297EC75B00FFE062 /* AppDelegate.swift in Sources */,
				08555070297EC75B00FFE062 /* SceneDelegate.swift in Sources */,
			);
			runOnlyForDeploymentPostprocessing = 0;
		};
		0855507C297EC75F00FFE062 /* Sources */ = {
			isa = PBXSourcesBuildPhase;
			buildActionMask = 2147483647;
			files = (
				08555085297EC75F00FFE062 /* randomImageTestTests.swift in Sources */,
			);
			runOnlyForDeploymentPostprocessing = 0;
		};
		08555086297EC75F00FFE062 /* Sources */ = {
			isa = PBXSourcesBuildPhase;
			buildActionMask = 2147483647;
			files = (
				0855508F297EC75F00FFE062 /* randomImageTestUITests.swift in Sources */,
				08555091297EC75F00FFE062 /* randomImageTestUITestsLaunchTests.swift in Sources */,
			);
			runOnlyForDeploymentPostprocessing = 0;
		};
/* End PBXSourcesBuildPhase section */

/* Begin PBXTargetDependency section */
		08555082297EC75F00FFE062 /* PBXTargetDependency */ = {
			isa = PBXTargetDependency;
			target = 08555069297EC75B00FFE062 /* randomImageTest */;
			targetProxy = 08555081297EC75F00FFE062 /* PBXContainerItemProxy */;
		};
		0855508C297EC75F00FFE062 /* PBXTargetDependency */ = {
			isa = PBXTargetDependency;
			target = 08555069297EC75B00FFE062 /* randomImageTest */;
			targetProxy = 0855508B297EC75F00FFE062 /* PBXContainerItemProxy */;
		};
/* End PBXTargetDependency section */

/* Begin PBXVariantGroup section */
		08555073297EC75B00FFE062 /* Main.storyboard */ = {
			isa = PBXVariantGroup;
			children = (
				08555074297EC75B00FFE062 /* Base */,
			);
			name = Main.storyboard;
			sourceTree = "<group>";
		};
		08555078297EC75F00FFE062 /* LaunchScreen.storyboard */ = {
			isa = PBXVariantGroup;
			children = (
				08555079297EC75F00FFE062 /* Base */,
			);
			name = LaunchScreen.storyboard;
			sourceTree = "<group>";
		};
/* End PBXVariantGroup section */

/* Begin XCBuildConfiguration section */
		08555092297EC75F00FFE062 /* Debug */ = {
			isa = XCBuildConfiguration;
			buildSettings = {
				ALWAYS_SEARCH_USER_PATHS = NO;
				CLANG_ANALYZER_NONNULL = YES;
				CLANG_ANALYZER_NUMBER_OBJECT_CONVERSION = YES_AGGRESSIVE;
				CLANG_CXX_LANGUAGE_STANDARD = "gnu++20";
				CLANG_ENABLE_MODULES = YES;
				CLANG_ENABLE_OBJC_ARC = YES;
				CLANG_ENABLE_OBJC_WEAK = YES;
				CLANG_WARN_BLOCK_CAPTURE_AUTORELEASING = YES;
				CLANG_WARN_BOOL_CONVERSION = YES;
				CLANG_WARN_COMMA = YES;
				CLANG_WARN_CONSTANT_CONVERSION = YES;
				CLANG_WARN_DEPRECATED_OBJC_IMPLEMENTATIONS = YES;
				CLANG_WARN_DIRECT_OBJC_ISA_USAGE = YES_ERROR;
				CLANG_WARN_DOCUMENTATION_COMMENTS = YES;
				CLANG_WARN_EMPTY_BODY = YES;
				CLANG_WARN_ENUM_CONVERSION = YES;
				CLANG_WARN_INFINITE_RECURSION = YES;
				CLANG_WARN_INT_CONVERSION = YES;
				CLANG_WARN_NON_LITERAL_NULL_CONVERSION = YES;
				CLANG_WARN_OBJC_IMPLICIT_RETAIN_SELF = YES;
				CLANG_WARN_OBJC_LITERAL_CONVERSION = YES;
				CLANG_WARN_OBJC_ROOT_CLASS = YES_ERROR;
				CLANG_WARN_QUOTED_INCLUDE_IN_FRAMEWORK_HEADER = YES;
				CLANG_WARN_RANGE_LOOP_ANALYSIS = YES;
				CLANG_WARN_STRICT_PROTOTYPES = YES;
				CLANG_WARN_SUSPICIOUS_MOVE = YES;
				CLANG_WARN_UNGUARDED_AVAILABILITY = YES_AGGRESSIVE;
				CLANG_WARN_UNREACHABLE_CODE = YES;
				CLANG_WARN__DUPLICATE_METHOD_MATCH = YES;
				COPY_PHASE_STRIP = NO;
				DEBUG_INFORMATION_FORMAT = dwarf;
				ENABLE_STRICT_OBJC_MSGSEND = YES;
				ENABLE_TESTABILITY = YES;
				GCC_C_LANGUAGE_STANDARD = gnu11;
				GCC_DYNAMIC_NO_PIC = NO;
				GCC_NO_COMMON_BLOCKS = YES;
				GCC_OPTIMIZATION_LEVEL = 0;
				GCC_PREPROCESSOR_DEFINITIONS = (
					"DEBUG=1",
					"$(inherited)",
				);
				GCC_WARN_64_TO_32_BIT_CONVERSION = YES;
				GCC_WARN_ABOUT_RETURN_TYPE = YES_ERROR;
				GCC_WARN_UNDECLARED_SELECTOR = YES;
				GCC_WARN_UNINITIALIZED_AUTOS = YES_AGGRESSIVE;
				GCC_WARN_UNUSED_FUNCTION = YES;
				GCC_WARN_UNUSED_VARIABLE = YES;
				IPHONEOS_DEPLOYMENT_TARGET = 16.1;
				MTL_ENABLE_DEBUG_INFO = INCLUDE_SOURCE;
				MTL_FAST_MATH = YES;
				ONLY_ACTIVE_ARCH = YES;
				SDKROOT = iphoneos;
				SWIFT_ACTIVE_COMPILATION_CONDITIONS = DEBUG;
				SWIFT_OPTIMIZATION_LEVEL = "-Onone";
			};
			name = Debug;
		};
		08555093297EC75F00FFE062 /* Release */ = {
			isa = XCBuildConfiguration;
			buildSettings = {
				ALWAYS_SEARCH_USER_PATHS = NO;
				CLANG_ANALYZER_NONNULL = YES;
				CLANG_ANALYZER_NUMBER_OBJECT_CONVERSION = YES_AGGRESSIVE;
				CLANG_CXX_LANGUAGE_STANDARD = "gnu++20";
				CLANG_ENABLE_MODULES = YES;
				CLANG_ENABLE_OBJC_ARC = YES;
				CLANG_ENABLE_OBJC_WEAK = YES;
				CLANG_WARN_BLOCK_CAPTURE_AUTORELEASING = YES;
				CLANG_WARN_BOOL_CONVERSION = YES;
				CLANG_WARN_COMMA = YES;
				CLANG_WARN_CONSTANT_CONVERSION = YES;
				CLANG_WARN_DEPRECATED_OBJC_IMPLEMENTATIONS = YES;
				CLANG_WARN_DIRECT_OBJC_ISA_USAGE = YES_ERROR;
				CLANG_WARN_DOCUMENTATION_COMMENTS = YES;
				CLANG_WARN_EMPTY_BODY = YES;
				CLANG_WARN_ENUM_CONVERSION = YES;
				CLANG_WARN_INFINITE_RECURSION = YES;
				CLANG_WARN_INT_CONVERSION = YES;
				CLANG_WARN_NON_LITERAL_NULL_CONVERSION = YES;
				CLANG_WARN_OBJC_IMPLICIT_RETAIN_SELF = YES;
				CLANG_WARN_OBJC_LITERAL_CONVERSION = YES;
				CLANG_WARN_OBJC_ROOT_CLASS = YES_ERROR;
				CLANG_WARN_QUOTED_INCLUDE_IN_FRAMEWORK_HEADER = YES;
				CLANG_WARN_RANGE_LOOP_ANALYSIS = YES;
				CLANG_WARN_STRICT_PROTOTYPES = YES;
				CLANG_WARN_SUSPICIOUS_MOVE = YES;
				CLANG_WARN_UNGUARDED_AVAILABILITY = YES_AGGRESSIVE;
				CLANG_WARN_UNREACHABLE_CODE = YES;
				CLANG_WARN__DUPLICATE_METHOD_MATCH = YES;
				COPY_PHASE_STRIP = NO;
				DEBUG_INFORMATION_FORMAT = "dwarf-with-dsym";
				ENABLE_NS_ASSERTIONS = NO;
				ENABLE_STRICT_OBJC_MSGSEND = YES;
				GCC_C_LANGUAGE_STANDARD = gnu11;
				GCC_NO_COMMON_BLOCKS = YES;
				GCC_WARN_64_TO_32_BIT_CONVERSION = YES;
				GCC_WARN_ABOUT_RETURN_TYPE = YES_ERROR;
				GCC_WARN_UNDECLARED_SELECTOR = YES;
				GCC_WARN_UNINITIALIZED_AUTOS = YES_AGGRESSIVE;
				GCC_WARN_UNUSED_FUNCTION = YES;
				GCC_WARN_UNUSED_VARIABLE = YES;
				IPHONEOS_DEPLOYMENT_TARGET = 16.1;
				MTL_ENABLE_DEBUG_INFO = NO;
				MTL_FAST_MATH = YES;
				SDKROOT = iphoneos;
				SWIFT_COMPILATION_MODE = wholemodule;
				SWIFT_OPTIMIZATION_LEVEL = "-O";
				VALIDATE_PRODUCT = YES;
			};
			name = Release;
		};
		08555095297EC75F00FFE062 /* Debug */ = {
			isa = XCBuildConfiguration;
			buildSettings = {
				ASSETCATALOG_COMPILER_APPICON_NAME = AppIcon;
				ASSETCATALOG_COMPILER_GLOBAL_ACCENT_COLOR_NAME = AccentColor;
				CODE_SIGN_STYLE = Automatic;
				CURRENT_PROJECT_VERSION = 1;
				GENERATE_INFOPLIST_FILE = YES;
				INFOPLIST_FILE = randomImageTest/Info.plist;
				INFOPLIST_KEY_UIApplicationSupportsIndirectInputEvents = YES;
				INFOPLIST_KEY_UILaunchStoryboardName = LaunchScreen;
				INFOPLIST_KEY_UIMainStoryboardFile = Main;
				INFOPLIST_KEY_UISupportedInterfaceOrientations_iPad = "UIInterfaceOrientationPortrait UIInterfaceOrientationPortraitUpsideDown UIInterfaceOrientationLandscapeLeft UIInterfaceOrientationLandscapeRight";
				INFOPLIST_KEY_UISupportedInterfaceOrientations_iPhone = "UIInterfaceOrientationPortrait UIInterfaceOrientationLandscapeLeft UIInterfaceOrientationLandscapeRight";
				LD_RUNPATH_SEARCH_PATHS = (
					"$(inherited)",
					"@executable_path/Frameworks",
				);
				MARKETING_VERSION = 1.0;
				PRODUCT_BUNDLE_IDENTIFIER = mubozk.randomImageTest;
				PRODUCT_NAME = "$(TARGET_NAME)";
				SWIFT_EMIT_LOC_STRINGS = YES;
				SWIFT_VERSION = 5.0;
				TARGETED_DEVICE_FAMILY = "1,2";
			};
			name = Debug;
		};
		08555096297EC75F00FFE062 /* Release */ = {
			isa = XCBuildConfiguration;
			buildSettings = {
				ASSETCATALOG_COMPILER_APPICON_NAME = AppIcon;
				ASSETCATALOG_COMPILER_GLOBAL_ACCENT_COLOR_NAME = AccentColor;
				CODE_SIGN_STYLE = Automatic;
				CURRENT_PROJECT_VERSION = 1;
				GENERATE_INFOPLIST_FILE = YES;
				INFOPLIST_FILE = randomImageTest/Info.plist;
				INFOPLIST_KEY_UIApplicationSupportsIndirectInputEvents = YES;
				INFOPLIST_KEY_UILaunchStoryboardName = LaunchScreen;
				INFOPLIST_KEY_UIMainStoryboardFile = Main;
				INFOPLIST_KEY_UISupportedInterfaceOrientations_iPad = "UIInterfaceOrientationPortrait UIInterfaceOrientationPortraitUpsideDown UIInterfaceOrientationLandscapeLeft UIInterfaceOrientationLandscapeRight";
				INFOPLIST_KEY_UISupportedInterfaceOrientations_iPhone = "UIInterfaceOrientationPortrait UIInterfaceOrientationLandscapeLeft UIInterfaceOrientationLandscapeRight";
				LD_RUNPATH_SEARCH_PATHS = (
					"$(inherited)",
					"@executable_path/Frameworks",
				);
				MARKETING_VERSION = 1.0;
				PRODUCT_BUNDLE_IDENTIFIER = mubozk.randomImageTest;
				PRODUCT_NAME = "$(TARGET_NAME)";
				SWIFT_EMIT_LOC_STRINGS = YES;
				SWIFT_VERSION = 5.0;
				TARGETED_DEVICE_FAMILY = "1,2";
			};
			name = Release;
		};
		08555098297EC75F00FFE062 /* Debug */ = {
			isa = XCBuildConfiguration;
			buildSettings = {
				ALWAYS_EMBED_SWIFT_STANDARD_LIBRARIES = YES;
				BUNDLE_LOADER = "$(TEST_HOST)";
				CODE_SIGN_STYLE = Automatic;
				CURRENT_PROJECT_VERSION = 1;
				GENERATE_INFOPLIST_FILE = YES;
				IPHONEOS_DEPLOYMENT_TARGET = 16.1;
				MARKETING_VERSION = 1.0;
				PRODUCT_BUNDLE_IDENTIFIER = mubozk.randomImageTestTests;
				PRODUCT_NAME = "$(TARGET_NAME)";
				SWIFT_EMIT_LOC_STRINGS = NO;
				SWIFT_VERSION = 5.0;
				TARGETED_DEVICE_FAMILY = "1,2";
				TEST_HOST = "$(BUILT_PRODUCTS_DIR)/randomImageTest.app/$(BUNDLE_EXECUTABLE_FOLDER_PATH)/randomImageTest";
			};
			name = Debug;
		};
		08555099297EC75F00FFE062 /* Release */ = {
			isa = XCBuildConfiguration;
			buildSettings = {
				ALWAYS_EMBED_SWIFT_STANDARD_LIBRARIES = YES;
				BUNDLE_LOADER = "$(TEST_HOST)";
				CODE_SIGN_STYLE = Automatic;
				CURRENT_PROJECT_VERSION = 1;
				GENERATE_INFOPLIST_FILE = YES;
				IPHONEOS_DEPLOYMENT_TARGET = 16.1;
				MARKETING_VERSION = 1.0;
				PRODUCT_BUNDLE_IDENTIFIER = mubozk.randomImageTestTests;
				PRODUCT_NAME = "$(TARGET_NAME)";
				SWIFT_EMIT_LOC_STRINGS = NO;
				SWIFT_VERSION = 5.0;
				TARGETED_DEVICE_FAMILY = "1,2";
				TEST_HOST = "$(BUILT_PRODUCTS_DIR)/randomImageTest.app/$(BUNDLE_EXECUTABLE_FOLDER_PATH)/randomImageTest";
			};
			name = Release;
		};
		0855509B297EC75F00FFE062 /* Debug */ = {
			isa = XCBuildConfiguration;
			buildSettings = {
				ALWAYS_EMBED_SWIFT_STANDARD_LIBRARIES = YES;
				CODE_SIGN_STYLE = Automatic;
				CURRENT_PROJECT_VERSION = 1;
				GENERATE_INFOPLIST_FILE = YES;
				MARKETING_VERSION = 1.0;
				PRODUCT_BUNDLE_IDENTIFIER = mubozk.randomImageTestUITests;
				PRODUCT_NAME = "$(TARGET_NAME)";
				SWIFT_EMIT_LOC_STRINGS = NO;
				SWIFT_VERSION = 5.0;
				TARGETED_DEVICE_FAMILY = "1,2";
				TEST_TARGET_NAME = randomImageTest;
			};
			name = Debug;
		};
		0855509C297EC75F00FFE062 /* Release */ = {
			isa = XCBuildConfiguration;
			buildSettings = {
				ALWAYS_EMBED_SWIFT_STANDARD_LIBRARIES = YES;
				CODE_SIGN_STYLE = Automatic;
				CURRENT_PROJECT_VERSION = 1;
				GENERATE_INFOPLIST_FILE = YES;
				MARKETING_VERSION = 1.0;
				PRODUCT_BUNDLE_IDENTIFIER = mubozk.randomImageTestUITests;
				PRODUCT_NAME = "$(TARGET_NAME)";
				SWIFT_EMIT_LOC_STRINGS = NO;
				SWIFT_VERSION = 5.0;
				TARGETED_DEVICE_FAMILY = "1,2";
				TEST_TARGET_NAME = randomImageTest;
			};
			name = Release;
		};
/* End XCBuildConfiguration section */

/* Begin XCConfigurationList section */
		08555065297EC75B00FFE062 /* Build configuration list for PBXProject "randomImageTest" */ = {
			isa = XCConfigurationList;
			buildConfigurations = (
				08555092297EC75F00FFE062 /* Debug */,
				08555093297EC75F00FFE062 /* Release */,
			);
			defaultConfigurationIsVisible = 0;
			defaultConfigurationName = Release;
		};
		08555094297EC75F00FFE062 /* Build configuration list for PBXNativeTarget "randomImageTest" */ = {
			isa = XCConfigurationList;
			buildConfigurations = (
				08555095297EC75F00FFE062 /* Debug */,
				08555096297EC75F00FFE062 /* Release */,
			);
			defaultConfigurationIsVisible = 0;
			defaultConfigurationName = Release;
		};
		08555097297EC75F00FFE062 /* Build configuration list for PBXNativeTarget "randomImageTestTests" */ = {
			isa = XCConfigurationList;
			buildConfigurations = (
				08555098297EC75F00FFE062 /* Debug */,
				08555099297EC75F00FFE062 /* Release */,
			);
			defaultConfigurationIsVisible = 0;
			defaultConfigurationName = Release;
		};
		0855509A297EC75F00FFE062 /* Build configuration list for PBXNativeTarget "randomImageTestUITests" */ = {
			isa = XCConfigurationList;
			buildConfigurations = (
				0855509B297EC75F00FFE062 /* Debug */,
				0855509C297EC75F00FFE062 /* Release */,
			);
			defaultConfigurationIsVisible = 0;
			defaultConfigurationName = Release;
		};
/* End XCConfigurationList section */
	};
	rootObject = 08555062297EC75B00FFE062 /* Project object */;
}
